
Microsoft Visual Studio Solution File, Format Version 12.00
# Visual Studio Version 17
VisualStudioVersion = 17.8.34408.163
MinimumVisualStudioVersion = 10.0.40219.1
Project("{9A19103F-16F7-4668-BE54-9A1E7A4F7556}") = "DataAccessLayer", "DataAccess\DataAccessLayer.csproj", "{BC681122-89E1-48A2-AF59-C6629160AB9C}"
EndProject
Project("{9A19103F-16F7-4668-BE54-9A1E7A4F7556}") = "LogicLayer", "LogicLayer\LogicLayer.csproj", "{F83F1A48-8F68-4EA9-9A51-33C4E333C726}"
	ProjectSection(ProjectDependencies) = postProject
		{BC681122-89E1-48A2-AF59-C6629160AB9C} = {BC681122-89E1-48A2-AF59-C6629160AB9C}
	EndProjectSection
EndProject
Project("{9A19103F-16F7-4668-BE54-9A1E7A4F7556}") = "Tests", "Tests\Tests.csproj", "{0D680633-ED28-4677-AA70-A73C9C33E90E}"
EndProject
Project("{FAE04EC0-301F-11D3-BF4B-00C04F79EFBC}") = "Presentation", "Presentation\Presentation.csproj", "{D579CE53-807F-4F3E-B828-7BF0D2065C65}"
EndProject
Global
	GlobalSection(SolutionConfigurationPlatforms) = preSolution
		Debug|Any CPU = Debug|Any CPU
		Release|Any CPU = Release|Any CPU
	EndGlobalSection
	GlobalSection(ProjectConfigurationPlatforms) = postSolution
		{BC681122-89E1-48A2-AF59-C6629160AB9C}.Debug|Any CPU.ActiveCfg = Debug|Any CPU
		{BC681122-89E1-48A2-AF59-C6629160AB9C}.Debug|Any CPU.Build.0 = Debug|Any CPU
		{BC681122-89E1-48A2-AF59-C6629160AB9C}.Release|Any CPU.ActiveCfg = Release|Any CPU
		{BC681122-89E1-48A2-AF59-C6629160AB9C}.Release|Any CPU.Build.0 = Release|Any CPU
		{F83F1A48-8F68-4EA9-9A51-33C4E333C726}.Debug|Any CPU.ActiveCfg = Debug|Any CPU
		{F83F1A48-8F68-4EA9-9A51-33C4E333C726}.Debug|Any CPU.Build.0 = Debug|Any CPU
		{F83F1A48-8F68-4EA9-9A51-33C4E333C726}.Release|Any CPU.ActiveCfg = Release|Any CPU
		{F83F1A48-8F68-4EA9-9A51-33C4E333C726}.Release|Any CPU.Build.0 = Release|Any CPU
		{0D680633-ED28-4677-AA70-A73C9C33E90E}.Debug|Any CPU.ActiveCfg = Debug|Any CPU
		{0D680633-ED28-4677-AA70-A73C9C33E90E}.Debug|Any CPU.Build.0 = Debug|Any CPU
		{0D680633-ED28-4677-AA70-A73C9C33E90E}.Release|Any CPU.ActiveCfg = Release|Any CPU
		{0D680633-ED28-4677-AA70-A73C9C33E90E}.Release|Any CPU.Build.0 = Release|Any CPU
		{D579CE53-807F-4F3E-B828-7BF0D2065C65}.Debug|Any CPU.ActiveCfg = Debug|Any CPU
		{D579CE53-807F-4F3E-B828-7BF0D2065C65}.Debug|Any CPU.Build.0 = Debug|Any CPU
		{D579CE53-807F-4F3E-B828-7BF0D2065C65}.Release|Any CPU.ActiveCfg = Release|Any CPU
		{D579CE53-807F-4F3E-B828-7BF0D2065C65}.Release|Any CPU.Build.0 = Release|Any CPU
	EndGlobalSection
	GlobalSection(SolutionProperties) = preSolution
		HideSolutionNode = FALSE
	EndGlobalSection
	GlobalSection(ExtensibilityGlobals) = postSolution
		SolutionGuid = {2A5D72AD-2B77-4176-8C2D-D55B7B9BBDC8}
	EndGlobalSection
EndGlobal
